
Microsoft Visual Studio Solution File, Format Version 12.00
# Visual Studio Version 16
VisualStudioVersion = 16.0.31129.286
MinimumVisualStudioVersion = 10.0.40219.1
Project("{FAE04EC0-301F-11D3-BF4B-00C04F79EFBC}") = "WA20221014", "WA20221014\WA20221014.csproj", "{116B33C7-FCCC-48F4-80BD-F1B6F5C8F8EA}"
EndProject
Global
	GlobalSection(SolutionConfigurationPlatforms) = preSolution
		Debug|Any CPU = Debug|Any CPU
		Release|Any CPU = Release|Any CPU
	EndGlobalSection
	GlobalSection(ProjectConfigurationPlatforms) = postSolution
		{116B33C7-FCCC-48F4-80BD-F1B6F5C8F8EA}.Debug|Any CPU.ActiveCfg = Debug|Any CPU
		{116B33C7-FCCC-48F4-80BD-F1B6F5C8F8EA}.Debug|Any CPU.Build.0 = Debug|Any CPU
		{116B33C7-FCCC-48F4-80BD-F1B6F5C8F8EA}.Release|Any CPU.ActiveCfg = Release|Any CPU
		{116B33C7-FCCC-48F4-80BD-F1B6F5C8F8EA}.Release|Any CPU.Build.0 = Release|Any CPU
	EndGlobalSection
	GlobalSection(SolutionProperties) = preSolution
		HideSolutionNode = FALSE
	EndGlobalSection
	GlobalSection(ExtensibilityGlobals) = postSolution
		SolutionGuid = {77EA1117-9A09-410A-B9B9-91722FEEA13A}
	EndGlobalSection
EndGlobal
