
Microsoft Visual Studio Solution File, Format Version 12.00
# Visual Studio Version 16
VisualStudioVersion = 16.0.30011.22
MinimumVisualStudioVersion = 10.0.40219.1
Project("{FAE04EC0-301F-11D3-BF4B-00C04F79EFBC}") = "WinApp20220919", "WinApp20220919\WinApp20220919.csproj", "{A54F10A7-3AA1-4DBB-BDCD-730E5D886417}"
EndProject
Global
	GlobalSection(SolutionConfigurationPlatforms) = preSolution
		Debug|Any CPU = Debug|Any CPU
		Release|Any CPU = Release|Any CPU
	EndGlobalSection
	GlobalSection(ProjectConfigurationPlatforms) = postSolution
		{A54F10A7-3AA1-4DBB-BDCD-730E5D886417}.Debug|Any CPU.ActiveCfg = Debug|Any CPU
		{A54F10A7-3AA1-4DBB-BDCD-730E5D886417}.Debug|Any CPU.Build.0 = Debug|Any CPU
		{A54F10A7-3AA1-4DBB-BDCD-730E5D886417}.Release|Any CPU.ActiveCfg = Release|Any CPU
		{A54F10A7-3AA1-4DBB-BDCD-730E5D886417}.Release|Any CPU.Build.0 = Release|Any CPU
	EndGlobalSection
	GlobalSection(SolutionProperties) = preSolution
		HideSolutionNode = FALSE
	EndGlobalSection
	GlobalSection(ExtensibilityGlobals) = postSolution
		SolutionGuid = {E9EAF451-DEC7-4228-BF5D-02DFD03381D6}
	EndGlobalSection
EndGlobal
